
Microsoft Visual Studio Solution File, Format Version 12.00
# Visual Studio Express 2013 for Windows Desktop
VisualStudioVersion = 12.0.30723.0
MinimumVisualStudioVersion = 10.0.40219.1
Project("{FAE04EC0-301F-11D3-BF4B-00C04F79EFBC}") = "DSP_Parse", "DSP_Parse\DSP_Parse.csproj", "{72B62BB9-6A58-4061-A5DA-2A50BDB8F5B4}"
EndProject
Global
	GlobalSection(SolutionConfigurationPlatforms) = preSolution
		Debug|Any CPU = Debug|Any CPU
		Release|Any CPU = Release|Any CPU
	EndGlobalSection
	GlobalSection(ProjectConfigurationPlatforms) = postSolution
		{72B62BB9-6A58-4061-A5DA-2A50BDB8F5B4}.Debug|Any CPU.ActiveCfg = Debug|Any CPU
		{72B62BB9-6A58-4061-A5DA-2A50BDB8F5B4}.Debug|Any CPU.Build.0 = Debug|Any CPU
		{72B62BB9-6A58-4061-A5DA-2A50BDB8F5B4}.Release|Any CPU.ActiveCfg = Release|Any CPU
		{72B62BB9-6A58-4061-A5DA-2A50BDB8F5B4}.Release|Any CPU.Build.0 = Release|Any CPU
	EndGlobalSection
	GlobalSection(SolutionProperties) = preSolution
		HideSolutionNode = FALSE
	EndGlobalSection
EndGlobal
